
Microsoft Visual Studio Solution File, Format Version 12.00
# Visual Studio Express 2012 for Windows Desktop
Project("{FAE04EC0-301F-11D3-BF4B-00C04F79EFBC}") = "Bonsai.Biosemi", "Bonsai.Biosemi\Bonsai.Biosemi.csproj", "{5F2B9A11-C88A-4141-A197-D6BEF34182CD}"
EndProject
Global
	GlobalSection(SolutionConfigurationPlatforms) = preSolution
		Debug|Any CPU = Debug|Any CPU
		Release|Any CPU = Release|Any CPU
	EndGlobalSection
	GlobalSection(ProjectConfigurationPlatforms) = postSolution
		{5F2B9A11-C88A-4141-A197-D6BEF34182CD}.Debug|Any CPU.ActiveCfg = Debug|Any CPU
		{5F2B9A11-C88A-4141-A197-D6BEF34182CD}.Debug|Any CPU.Build.0 = Debug|Any CPU
		{5F2B9A11-C88A-4141-A197-D6BEF34182CD}.Release|Any CPU.ActiveCfg = Release|Any CPU
		{5F2B9A11-C88A-4141-A197-D6BEF34182CD}.Release|Any CPU.Build.0 = Release|Any CPU
	EndGlobalSection
	GlobalSection(SolutionProperties) = preSolution
		HideSolutionNode = FALSE
	EndGlobalSection
EndGlobal
